{
  "name": "first-try-nodejs",
  "version": "1.0.1",
  "lockfileVersion": 3,
  "requires": true,
  "packages": {
    "": {
      "name": "first-try-nodejs",
      "version": "1.0.1",
      "license": "ISC",
      "dependencies": {
        "prince_billa": "^1.0.0"
      }
    },
    "node_modules/prince_billa": {
      "version": "1.0.0",
      "resolved": "https://registry.npmjs.org/prince_billa/-/prince_billa-1.0.0.tgz",
      "integrity": "sha512-tjfBauflupLpDjmVinKZv97Wc3xpebFOoekbS1iWRQWRIo0UOwp37gF4OBJ5hXUflZ4FHZ5KsTAJr6JuWGBLEg=="
    }
  }
}
